{
  "name": "sense-navigation",
  "version": "0.8.1",
  "lockfileVersion": 1,
  "requires": true,
  "dependencies": {
    "sense-extension-utils": {
      "version": "0.4.1",
      "resolved": "https://registry.npmjs.org/sense-extension-utils/-/sense-extension-utils-0.4.1.tgz",
      "integrity": "sha1-25T6oGLsZjfagmZtiWqILbyT0EM=",
      "dev": true
    }
  }
}
