{
  "name": "sense-navigation",
  "version": "0.8.2",
  "lockfileVersion": 1,
  "requires": true,
  "dependencies": {
    "sense-extension-utils": {
      "version": "0.4.5",
      "resolved": "https://registry.npmjs.org/sense-extension-utils/-/sense-extension-utils-0.4.5.tgz",
      "integrity": "sha512-Mdv5JgDLfBe+KYnV5+r0pq/IVJedRMR7m7+7C3Uw4VrHNjRW+qHThge43zlaEaxYZrFL2cRBYIlQ4fHJfXky+Q==",
      "dev": true
    }
  }
}
